# THIS IS AN AUTOGENERATED FILE. DO NOT EDIT THIS FILE DIRECTLY.
# yarn lockfile v1


async@^1.2.1:
  version "1.5.2"
  resolved "https://registry.npmjs.org/async/-/async-1.5.2.tgz#ec6a61ae56480c0c3cb241c95618e20892f9672a"

csvtojson@^1.0.3:
  version "1.0.3"
  resolved "https://registry.npmjs.org/csvtojson/-/csvtojson-1.0.3.tgz#a11a5894ac41bfacff99accc4aee7a0b8fce8f9f"
  dependencies:
    async "^1.2.1"
    minimist "^1.2.0"

lodash@^4.16.6:
  version "4.17.2"
  resolved "https://registry.npmjs.org/lodash/-/lodash-4.17.2.tgz#34a3055babe04ce42467b607d700072c7ff6bf42"

minimist@^1.2.0:
  version "1.2.0"
  resolved "https://registry.npmjs.org/minimist/-/minimist-1.2.0.tgz#a35008b20f41383eec1fb914f4cd5df79a264284"
